
Microsoft Visual Studio Solution File, Format Version 12.00
# Visual Studio Version 17
VisualStudioVersion = 17.11.35327.3
MinimumVisualStudioVersion = 10.0.40219.1
Project("{FAE04EC0-301F-11D3-BF4B-00C04F79EFBC}") = "CCAD16_Assignment1_2_3", "CCAD16_Assignment1_2_3.csproj", "{6BCE7E63-C91B-461D-9ECA-A53BF711137F}"
EndProject
Global
	GlobalSection(SolutionConfigurationPlatforms) = preSolution
		Debug|Any CPU = Debug|Any CPU
		Release|Any CPU = Release|Any CPU
	EndGlobalSection
	GlobalSection(ProjectConfigurationPlatforms) = postSolution
		{6BCE7E63-C91B-461D-9ECA-A53BF711137F}.Debug|Any CPU.ActiveCfg = Debug|Any CPU
		{6BCE7E63-C91B-461D-9ECA-A53BF711137F}.Debug|Any CPU.Build.0 = Debug|Any CPU
		{6BCE7E63-C91B-461D-9ECA-A53BF711137F}.Release|Any CPU.ActiveCfg = Release|Any CPU
		{6BCE7E63-C91B-461D-9ECA-A53BF711137F}.Release|Any CPU.Build.0 = Release|Any CPU
	EndGlobalSection
	GlobalSection(SolutionProperties) = preSolution
		HideSolutionNode = FALSE
	EndGlobalSection
	GlobalSection(ExtensibilityGlobals) = postSolution
		SolutionGuid = {6FC77AD3-ABD8-43B6-95B8-AE2972A3EDB8}
	EndGlobalSection
EndGlobal
